
Microsoft Visual Studio Solution File, Format Version 12.00
# Visual Studio Version 17
VisualStudioVersion = 17.6.33829.357
MinimumVisualStudioVersion = 10.0.40219.1
Project("{8BC9CEB8-8B4A-11D0-8D11-00A0C91BC942}") = "SAOD_LABA2_1", "SAOD_LABA2_1.vcxproj", "{CDE15225-4E76-48BF-9F9C-938E4C5EB97B}"
EndProject
Global
	GlobalSection(SolutionConfigurationPlatforms) = preSolution
		Debug|x64 = Debug|x64
		Debug|x86 = Debug|x86
		Release|x64 = Release|x64
		Release|x86 = Release|x86
	EndGlobalSection
	GlobalSection(ProjectConfigurationPlatforms) = postSolution
		{CDE15225-4E76-48BF-9F9C-938E4C5EB97B}.Debug|x64.ActiveCfg = Debug|x64
		{CDE15225-4E76-48BF-9F9C-938E4C5EB97B}.Debug|x64.Build.0 = Debug|x64
		{CDE15225-4E76-48BF-9F9C-938E4C5EB97B}.Debug|x86.ActiveCfg = Debug|Win32
		{CDE15225-4E76-48BF-9F9C-938E4C5EB97B}.Debug|x86.Build.0 = Debug|Win32
		{CDE15225-4E76-48BF-9F9C-938E4C5EB97B}.Release|x64.ActiveCfg = Release|x64
		{CDE15225-4E76-48BF-9F9C-938E4C5EB97B}.Release|x64.Build.0 = Release|x64
		{CDE15225-4E76-48BF-9F9C-938E4C5EB97B}.Release|x86.ActiveCfg = Release|Win32
		{CDE15225-4E76-48BF-9F9C-938E4C5EB97B}.Release|x86.Build.0 = Release|Win32
	EndGlobalSection
	GlobalSection(SolutionProperties) = preSolution
		HideSolutionNode = FALSE
	EndGlobalSection
	GlobalSection(ExtensibilityGlobals) = postSolution
		SolutionGuid = {014F1B90-9A6C-499A-847A-9FB69421D0EA}
	EndGlobalSection
EndGlobal
