
Microsoft Visual Studio Solution File, Format Version 12.00
# Visual Studio Version 17
VisualStudioVersion = 17.6.33829.357
MinimumVisualStudioVersion = 10.0.40219.1
Project("{888888A0-9F3D-457C-B088-3A5042F75D52}") = "SAOD_LABA1", "SAOD_LABA1.pyproj", "{CFE8C740-0CB9-4449-896C-2434688C5E0B}"
EndProject
Global
	GlobalSection(SolutionConfigurationPlatforms) = preSolution
		Debug|Any CPU = Debug|Any CPU
		Release|Any CPU = Release|Any CPU
	EndGlobalSection
	GlobalSection(ProjectConfigurationPlatforms) = postSolution
		{CFE8C740-0CB9-4449-896C-2434688C5E0B}.Debug|Any CPU.ActiveCfg = Debug|Any CPU
		{CFE8C740-0CB9-4449-896C-2434688C5E0B}.Release|Any CPU.ActiveCfg = Release|Any CPU
	EndGlobalSection
	GlobalSection(SolutionProperties) = preSolution
		HideSolutionNode = FALSE
	EndGlobalSection
	GlobalSection(ExtensibilityGlobals) = postSolution
		SolutionGuid = {6E9ABCAD-D301-4F55-8434-BEC5A414D79D}
	EndGlobalSection
EndGlobal
